
Microsoft Visual Studio Solution File, Format Version 12.00
# Visual Studio 15
VisualStudioVersion = 15.0.28307.852
MinimumVisualStudioVersion = 10.0.40219.1
Project("{9A19103F-16F7-4668-BE54-9A1E7A4F7556}") = "LifeMachine", "LifeMachine\LifeMachine.csproj", "{571184C8-31DC-4E1F-8A8E-F063937D83CF}"
EndProject
Project("{9A19103F-16F7-4668-BE54-9A1E7A4F7556}") = "LifeMachineTests", "LifeMachineTests\LifeMachineTests.csproj", "{F413E7C6-18D0-43F8-A675-08C70C358966}"
EndProject
Project("{2150E333-8FDC-42A3-9474-1A3956D46DE8}") = "Solution Items", "Solution Items", "{DF855BD0-87CA-4F3E-A198-12FB72AD97EC}"
	ProjectSection(SolutionItems) = preProject
		nuget.config = nuget.config
		Personal.Services.PrintMessaging.sln = Personal.Services.PrintMessaging.sln
		PrintMachineREADME.md = PrintMachineREADME.md
		..\README.md = ..\README.md
	EndProjectSection
EndProject
Project("{FAE04EC0-301F-11D3-BF4B-00C04F79EFBC}") = "Personal.Services.PrintMessaging.IntegrationTests", "Personal.Services.PrintMessaging.IntegrationTests\Personal.Services.PrintMessaging.IntegrationTests.csproj", "{4F0D1CFB-AD9A-4F55-AC88-3B887CEF520A}"
EndProject
Project("{FAE04EC0-301F-11D3-BF4B-00C04F79EFBC}") = "Personal.Services.PrintMessaging.WebJob", "Personal.Services.PrintMessaging.WebJob\Personal.Services.PrintMessaging.WebJob.csproj", "{DD5FA358-41E0-4FAD-8394-E5C2BCAC6D70}"
EndProject
Project("{FAE04EC0-301F-11D3-BF4B-00C04F79EFBC}") = "Personal.Services.PrintMessaging.UnitTests", "Personal.Services.PrintMessaging.UnitTests\Personal.Services.PrintMessaging.UnitTests.csproj", "{125BEBEE-C3A4-48FD-AA8C-657D89693E7F}"
EndProject
Project("{FAE04EC0-301F-11D3-BF4B-00C04F79EFBC}") = "Personal.Services.PrintMessaging.Saga", "Personal.Services.PrintMessaging.Saga\Personal.Services.PrintMessaging.Saga.csproj", "{7FB26840-0D7A-40BC-805E-A1D24A2E1709}"
EndProject
Global
	GlobalSection(SolutionConfigurationPlatforms) = preSolution
		Debug|Any CPU = Debug|Any CPU
		Release|Any CPU = Release|Any CPU
	EndGlobalSection
	GlobalSection(ProjectConfigurationPlatforms) = postSolution
		{571184C8-31DC-4E1F-8A8E-F063937D83CF}.Debug|Any CPU.ActiveCfg = Debug|Any CPU
		{571184C8-31DC-4E1F-8A8E-F063937D83CF}.Debug|Any CPU.Build.0 = Debug|Any CPU
		{571184C8-31DC-4E1F-8A8E-F063937D83CF}.Release|Any CPU.ActiveCfg = Release|Any CPU
		{571184C8-31DC-4E1F-8A8E-F063937D83CF}.Release|Any CPU.Build.0 = Release|Any CPU
		{F413E7C6-18D0-43F8-A675-08C70C358966}.Debug|Any CPU.ActiveCfg = Debug|Any CPU
		{F413E7C6-18D0-43F8-A675-08C70C358966}.Debug|Any CPU.Build.0 = Debug|Any CPU
		{F413E7C6-18D0-43F8-A675-08C70C358966}.Release|Any CPU.ActiveCfg = Release|Any CPU
		{F413E7C6-18D0-43F8-A675-08C70C358966}.Release|Any CPU.Build.0 = Release|Any CPU
		{4F0D1CFB-AD9A-4F55-AC88-3B887CEF520A}.Debug|Any CPU.ActiveCfg = Debug|Any CPU
		{4F0D1CFB-AD9A-4F55-AC88-3B887CEF520A}.Debug|Any CPU.Build.0 = Debug|Any CPU
		{4F0D1CFB-AD9A-4F55-AC88-3B887CEF520A}.Release|Any CPU.ActiveCfg = Release|Any CPU
		{4F0D1CFB-AD9A-4F55-AC88-3B887CEF520A}.Release|Any CPU.Build.0 = Release|Any CPU
		{DD5FA358-41E0-4FAD-8394-E5C2BCAC6D70}.Debug|Any CPU.ActiveCfg = Debug|Any CPU
		{DD5FA358-41E0-4FAD-8394-E5C2BCAC6D70}.Debug|Any CPU.Build.0 = Debug|Any CPU
		{DD5FA358-41E0-4FAD-8394-E5C2BCAC6D70}.Release|Any CPU.ActiveCfg = Release|Any CPU
		{DD5FA358-41E0-4FAD-8394-E5C2BCAC6D70}.Release|Any CPU.Build.0 = Release|Any CPU
		{125BEBEE-C3A4-48FD-AA8C-657D89693E7F}.Debug|Any CPU.ActiveCfg = Debug|Any CPU
		{125BEBEE-C3A4-48FD-AA8C-657D89693E7F}.Debug|Any CPU.Build.0 = Debug|Any CPU
		{125BEBEE-C3A4-48FD-AA8C-657D89693E7F}.Release|Any CPU.ActiveCfg = Release|Any CPU
		{125BEBEE-C3A4-48FD-AA8C-657D89693E7F}.Release|Any CPU.Build.0 = Release|Any CPU
		{7FB26840-0D7A-40BC-805E-A1D24A2E1709}.Debug|Any CPU.ActiveCfg = Debug|Any CPU
		{7FB26840-0D7A-40BC-805E-A1D24A2E1709}.Debug|Any CPU.Build.0 = Debug|Any CPU
		{7FB26840-0D7A-40BC-805E-A1D24A2E1709}.Release|Any CPU.ActiveCfg = Release|Any CPU
		{7FB26840-0D7A-40BC-805E-A1D24A2E1709}.Release|Any CPU.Build.0 = Release|Any CPU
	EndGlobalSection
	GlobalSection(SolutionProperties) = preSolution
		HideSolutionNode = FALSE
	EndGlobalSection
	GlobalSection(ExtensibilityGlobals) = postSolution
		SolutionGuid = {3BFAE1A8-5C9E-4AEE-AC20-6F4B9B7BD856}
	EndGlobalSection
EndGlobal
